
Microsoft Visual Studio Solution File, Format Version 12.00
# Visual Studio 15
VisualStudioVersion = 15.0.27703.2047
MinimumVisualStudioVersion = 10.0.40219.1
Project("{9092AA53-FB77-4645-B42D-1CCCA6BD08BD}") = "Personal Website", "Personal Website\Personal Website.njsproj", "{4F4C3C71-AD69-4645-A501-A3A2A369896F}"
EndProject
Global
	GlobalSection(SolutionConfigurationPlatforms) = preSolution
		Debug|Any CPU = Debug|Any CPU
		Release|Any CPU = Release|Any CPU
	EndGlobalSection
	GlobalSection(ProjectConfigurationPlatforms) = postSolution
		{4F4C3C71-AD69-4645-A501-A3A2A369896F}.Debug|Any CPU.ActiveCfg = Debug|Any CPU
		{4F4C3C71-AD69-4645-A501-A3A2A369896F}.Debug|Any CPU.Build.0 = Debug|Any CPU
		{4F4C3C71-AD69-4645-A501-A3A2A369896F}.Release|Any CPU.ActiveCfg = Release|Any CPU
		{4F4C3C71-AD69-4645-A501-A3A2A369896F}.Release|Any CPU.Build.0 = Release|Any CPU
	EndGlobalSection
	GlobalSection(SolutionProperties) = preSolution
		HideSolutionNode = FALSE
	EndGlobalSection
	GlobalSection(ExtensibilityGlobals) = postSolution
		SolutionGuid = {24B759AA-0B63-40F6-8031-B5926923F9B5}
	EndGlobalSection
EndGlobal
